
Microsoft Visual Studio Solution File, Format Version 12.00
# Visual Studio Version 17
VisualStudioVersion = 17.7.34024.191
MinimumVisualStudioVersion = 10.0.40219.1
Project("{9A19103F-16F7-4668-BE54-9A1E7A4F7556}") = "JackHenry.Reddit.Api", "JackHenry.Reddit.Api\JackHenry.Reddit.Api.csproj", "{0BB8DC69-F857-4DC9-9F36-B29D921AC248}"
EndProject
Project("{9A19103F-16F7-4668-BE54-9A1E7A4F7556}") = "JackHenry.Reddit.Web", "JackHenry.Reddit.Web\JackHenry.Reddit.Web.csproj", "{FC3C872D-1FF5-4453-98DB-B2A4EE5A50C8}"
EndProject
Project("{9A19103F-16F7-4668-BE54-9A1E7A4F7556}") = "JackHenry.Reddit.Test", "JackHenry.Reddit.Test\JackHenry.Reddit.Test.csproj", "{66C5CEC9-C3DE-4E5C-919B-0BF0D455A831}"
EndProject
Project("{9A19103F-16F7-4668-BE54-9A1E7A4F7556}") = "JackHenry.Reddit.Models", "JackHenry.Reddit.Models\JackHenry.Reddit.Models.csproj", "{C127A262-0338-47D8-8E47-53E262B53A38}"
EndProject
Project("{FAE04EC0-301F-11D3-BF4B-00C04F79EFBC}") = "JackHenry.Reddit.Utils", "JackHenry.Reddit.Utils\JackHenry.Reddit.Utils.csproj", "{0FB8A672-D562-4694-B30F-119719EEA6FB}"
EndProject
Global
	GlobalSection(SolutionConfigurationPlatforms) = preSolution
		Debug|Any CPU = Debug|Any CPU
		Release|Any CPU = Release|Any CPU
	EndGlobalSection
	GlobalSection(ProjectConfigurationPlatforms) = postSolution
		{0BB8DC69-F857-4DC9-9F36-B29D921AC248}.Debug|Any CPU.ActiveCfg = Debug|Any CPU
		{0BB8DC69-F857-4DC9-9F36-B29D921AC248}.Debug|Any CPU.Build.0 = Debug|Any CPU
		{0BB8DC69-F857-4DC9-9F36-B29D921AC248}.Release|Any CPU.ActiveCfg = Release|Any CPU
		{0BB8DC69-F857-4DC9-9F36-B29D921AC248}.Release|Any CPU.Build.0 = Release|Any CPU
		{FC3C872D-1FF5-4453-98DB-B2A4EE5A50C8}.Debug|Any CPU.ActiveCfg = Debug|Any CPU
		{FC3C872D-1FF5-4453-98DB-B2A4EE5A50C8}.Debug|Any CPU.Build.0 = Debug|Any CPU
		{FC3C872D-1FF5-4453-98DB-B2A4EE5A50C8}.Release|Any CPU.ActiveCfg = Release|Any CPU
		{FC3C872D-1FF5-4453-98DB-B2A4EE5A50C8}.Release|Any CPU.Build.0 = Release|Any CPU
		{66C5CEC9-C3DE-4E5C-919B-0BF0D455A831}.Debug|Any CPU.ActiveCfg = Debug|Any CPU
		{66C5CEC9-C3DE-4E5C-919B-0BF0D455A831}.Debug|Any CPU.Build.0 = Debug|Any CPU
		{66C5CEC9-C3DE-4E5C-919B-0BF0D455A831}.Release|Any CPU.ActiveCfg = Release|Any CPU
		{66C5CEC9-C3DE-4E5C-919B-0BF0D455A831}.Release|Any CPU.Build.0 = Release|Any CPU
		{C127A262-0338-47D8-8E47-53E262B53A38}.Debug|Any CPU.ActiveCfg = Debug|Any CPU
		{C127A262-0338-47D8-8E47-53E262B53A38}.Debug|Any CPU.Build.0 = Debug|Any CPU
		{C127A262-0338-47D8-8E47-53E262B53A38}.Release|Any CPU.ActiveCfg = Release|Any CPU
		{C127A262-0338-47D8-8E47-53E262B53A38}.Release|Any CPU.Build.0 = Release|Any CPU
		{0FB8A672-D562-4694-B30F-119719EEA6FB}.Debug|Any CPU.ActiveCfg = Debug|Any CPU
		{0FB8A672-D562-4694-B30F-119719EEA6FB}.Debug|Any CPU.Build.0 = Debug|Any CPU
		{0FB8A672-D562-4694-B30F-119719EEA6FB}.Release|Any CPU.ActiveCfg = Release|Any CPU
		{0FB8A672-D562-4694-B30F-119719EEA6FB}.Release|Any CPU.Build.0 = Release|Any CPU
	EndGlobalSection
	GlobalSection(SolutionProperties) = preSolution
		HideSolutionNode = FALSE
	EndGlobalSection
	GlobalSection(ExtensibilityGlobals) = postSolution
		SolutionGuid = {3B060663-38BD-40C4-B4BD-B905FA89DC4B}
	EndGlobalSection
EndGlobal
